{
  "nodes": {
    "cloud-hypervisor-src": {
      "flake": false,
      "locked": {
        "lastModified": 1764758716,
        "narHash": "sha256-pOv2lP8qYy4w5GimEiKlILU4WVWUVykWkhXDr+22AdE=",
        "owner": "cyberus-technology",
        "repo": "cloud-hypervisor",
        "rev": "127f2d8f1ebfc43da697fa17a9f5f9457699fb23",
        "type": "github"
      },
      "original": {
        "owner": "cyberus-technology",
        "ref": "gardenlinux",
        "repo": "cloud-hypervisor",
        "type": "github"
      }
    },
    "crane": {
      "locked": {
        "lastModified": 1763938834,
        "narHash": "sha256-j8iB0Yr4zAvQLueCZ5abxfk6fnG/SJ5JnGUziETjwfg=",
        "owner": "ipetkov",
        "repo": "crane",
        "rev": "d9e753122e51cee64eb8d2dddfe11148f339f5a2",
        "type": "github"
      },
      "original": {
        "owner": "ipetkov",
        "ref": "master",
        "repo": "crane",
        "type": "github"
      }
    },
    "dried-nix-flakes": {
      "locked": {
        "lastModified": 1756139350,
        "narHash": "sha256-pObQv94NclXVXjJV8sTiKwFes4fGEWpkNzDsXw5DqnY=",
        "owner": "cyberus-technology",
        "repo": "dried-nix-flakes",
        "rev": "1b2ba62710c6c1d9eba0e8e3adc029cc2e9291a4",
        "type": "github"
      },
      "original": {
        "owner": "cyberus-technology",
        "repo": "dried-nix-flakes",
        "type": "github"
      }
    },
    "edk2-src": {
      "flake": false,
      "locked": {
        "lastModified": 1753177921,
        "narHash": "sha256-NGSNYuIlmktpc6Jux17pdnaXLhIxZxofA47w6s8dasg=",
        "ref": "gardenlinux",
        "rev": "838aba54db575012bea74a683d15d4ee900bbad9",
        "revCount": 34304,
        "submodules": true,
        "type": "git",
        "url": "https://github.com/cyberus-technology/edk2"
      },
      "original": {
        "ref": "gardenlinux",
        "submodules": true,
        "type": "git",
        "url": "https://github.com/cyberus-technology/edk2"
      }
    },
    "fcntl-tool": {
      "inputs": {
        "nixpkgs": [
          "libvirt-tests",
          "nixpkgs"
        ]
      },
      "locked": {
        "lastModified": 1763732559,
        "narHash": "sha256-a/RgkYjRM772JT1SzcrlGVK9g6W3803qNa1IlalNNuA=",
        "owner": "phip1611",
        "repo": "fcntl-tool",
        "rev": "76054e86e713e154395162560bf8c6d34a2a5dc3",
        "type": "github"
      },
      "original": {
        "owner": "phip1611",
        "repo": "fcntl-tool",
        "type": "github"
      }
    },
    "keycodemapdb": {
      "flake": false,
      "locked": {
        "lastModified": 1752156361,
        "narHash": "sha256-gfrQPAwgShtgkDWZOkivDO1Aj7UUdaGTitirGy+RA70=",
        "ref": "refs/heads/master",
        "rev": "54788039c0b3486a8883090d6736c2500177af29",
        "revCount": 89,
        "type": "git",
        "url": "https://gitlab.com/keycodemap/keycodemapdb.git"
      },
      "original": {
        "type": "git",
        "url": "https://gitlab.com/keycodemap/keycodemapdb.git"
      }
    },
    "libvirt-src": {
      "flake": false,
      "locked": {
        "lastModified": 1764686076,
        "narHash": "sha256-tfKch7RPaA34QSfwDn+Qf7rhHdSV7NvmUzcxCa+JjtA=",
        "ref": "gardenlinux",
        "rev": "c1f26f290dabe1adbbeef7e39a504679874904e6",
        "revCount": 52397,
        "submodules": true,
        "type": "git",
        "url": "https://github.com/cyberus-technology/libvirt"
      },
      "original": {
        "ref": "gardenlinux",
        "submodules": true,
        "type": "git",
        "url": "https://github.com/cyberus-technology/libvirt"
      }
    },
    "libvirt-tests": {
      "inputs": {
        "cloud-hypervisor-src": [
          "cloud-hypervisor-src"
        ],
        "crane": "crane",
        "dried-nix-flakes": "dried-nix-flakes",
        "edk2-src": "edk2-src",
        "fcntl-tool": "fcntl-tool",
        "libvirt-src": "libvirt-src",
        "nixpkgs": [
          "nixpkgs"
        ],
        "rust-overlay": "rust-overlay"
      },
      "locked": {
        "lastModified": 1764838638,
        "narHash": "sha256-AXEqIYopIvCjMOdcG4pQ0trBWn9gFLJnmf9OzfBfG3g=",
        "owner": "cyberus-technology",
        "repo": "libvirt-tests",
        "rev": "b7d9fe89cf93399e56f3d3ab0cff10780de118d9",
        "type": "github"
      },
      "original": {
        "owner": "cyberus-technology",
        "repo": "libvirt-tests",
        "type": "github"
      }
    },
    "nixpkgs": {
      "locked": {
        "lastModified": 1764522689,
        "narHash": "sha256-SqUuBFjhl/kpDiVaKLQBoD8TLD+/cTUzzgVFoaHrkqY=",
        "owner": "nixos",
        "repo": "nixpkgs",
        "rev": "8bb5646e0bed5dbd3ab08c7a7cc15b75ab4e1d0f",
        "type": "github"
      },
      "original": {
        "owner": "nixos",
        "ref": "nixos-25.11",
        "repo": "nixpkgs",
        "type": "github"
      }
    },
    "root": {
      "inputs": {
        "cloud-hypervisor-src": "cloud-hypervisor-src",
        "keycodemapdb": "keycodemapdb",
        "libvirt-tests": "libvirt-tests",
        "nixpkgs": "nixpkgs"
      }
    },
    "rust-overlay": {
      "inputs": {
        "nixpkgs": [
          "libvirt-tests",
          "nixpkgs"
        ]
      },
      "locked": {
        "lastModified": 1764729618,
        "narHash": "sha256-z4RA80HCWv2los1KD346c+PwNPzMl79qgl7bCVgz8X0=",
        "owner": "oxalica",
        "repo": "rust-overlay",
        "rev": "52764074a85145d5001bf0aa30cb71936e9ad5b8",
        "type": "github"
      },
      "original": {
        "owner": "oxalica",
        "repo": "rust-overlay",
        "type": "github"
      }
    }
  },
  "root": "root",
  "version": 7
}
